// !$*UTF8*$!
{
	archiveVersion = 1;
	classes = {
	};
	objectVersion = 77;
	objects = {

/* Begin PBXBuildFile section */
		BE1BA8042F41B2B7000FE4C0 /* Alamofire in Frameworks */ = {isa = PBXBuildFile; productRef = BE1BA8032F41B2B7000FE4C0 /* Alamofire */; };
		BE1BA8072F41B2C4000FE4C0 /* Kingfisher in Frameworks */ = {isa = PBXBuildFile; productRef = BE1BA8062F41B2C4000FE4C0 /* Kingfisher */; };
		BE1BA80A2F41B2D3000FE4C0 /* SnapKit in Frameworks */ = {isa = PBXBuildFile; productRef = BE1BA8092F41B2D3000FE4C0 /* SnapKit */; };
		BE1BA80D2F41B2DF000FE4C0 /* Then in Frameworks */ = {isa = PBXBuildFile; productRef = BE1BA80C2F41B2DF000FE4C0 /* Then */; };
		BE1BA8102F41B2FC000FE4C0 /* Toast in Frameworks */ = {isa = PBXBuildFile; productRef = BE1BA80F2F41B2FC000FE4C0 /* Toast */; };
		BE1BA8132F41B318000FE4C0 /* RxBlocking in Frameworks */ = {isa = PBXBuildFile; productRef = BE1BA8122F41B318000FE4C0 /* RxBlocking */; };
		BE1BA8152F41B318000FE4C0 /* RxCocoa in Frameworks */ = {isa = PBXBuildFile; productRef = BE1BA8142F41B318000FE4C0 /* RxCocoa */; };
		BE1BA8172F41B318000FE4C0 /* RxRelay in Frameworks */ = {isa = PBXBuildFile; productRef = BE1BA8162F41B318000FE4C0 /* RxRelay */; };
		BE1BA8192F41B318000FE4C0 /* RxSwift in Frameworks */ = {isa = PBXBuildFile; productRef = BE1BA8182F41B318000FE4C0 /* RxSwift */; };
/* End PBXBuildFile section */

/* Begin PBXFileReference section */
		BE1BA7EA2F41B235000FE4C0 /* TarotSajuTeller.app */ = {isa = PBXFileReference; explicitFileType = wrapper.application; includeInIndex = 0; path = TarotSajuTeller.app; sourceTree = BUILT_PRODUCTS_DIR; };
/* End PBXFileReference section */

/* Begin PBXFileSystemSynchronizedBuildFileExceptionSet section */
		BE1BA7FC2F41B237000FE4C0 /* Exceptions for "TarotSajuTeller" folder in "TarotSajuTeller" target */ = {
			isa = PBXFileSystemSynchronizedBuildFileExceptionSet;
			membershipExceptions = (
				Info.plist,
			);
			target = BE1BA7E92F41B235000FE4C0 /* TarotSajuTeller */;
		};
/* End PBXFileSystemSynchronizedBuildFileExceptionSet section */

/* Begin PBXFileSystemSynchronizedRootGroup section */
		BE1BA7EC2F41B235000FE4C0 /* TarotSajuTeller */ = {
			isa = PBXFileSystemSynchronizedRootGroup;
			exceptions = (
				BE1BA7FC2F41B237000FE4C0 /* Exceptions for "TarotSajuTeller" folder in "TarotSajuTeller" target */,
			);
			path = TarotSajuTeller;
			sourceTree = "<group>";
		};
/* End PBXFileSystemSynchronizedRootGroup section */

/* Begin PBXFrameworksBuildPhase section */
		BE1BA7E72F41B235000FE4C0 /* Frameworks */ = {
			isa = PBXFrameworksBuildPhase;
			buildActionMask = 2147483647;
			files = (
				BE1BA8192F41B318000FE4C0 /* RxSwift in Frameworks */,
				BE1BA80A2F41B2D3000FE4C0 /* SnapKit in Frameworks */,
				BE1BA8132F41B318000FE4C0 /* RxBlocking in Frameworks */,
				BE1BA8072F41B2C4000FE4C0 /* Kingfisher in Frameworks */,
				BE1BA8152F41B318000FE4C0 /* RxCocoa in Frameworks */,
				BE1BA8042F41B2B7000FE4C0 /* Alamofire in Frameworks */,
				BE1BA8102F41B2FC000FE4C0 /* Toast in Frameworks */,
				BE1BA8172F41B318000FE4C0 /* RxRelay in Frameworks */,
				BE1BA80D2F41B2DF000FE4C0 /* Then in Frameworks */,
			);
			runOnlyForDeploymentPostprocessing = 0;
		};
/* End PBXFrameworksBuildPhase section */

/* Begin PBXGroup section */
		BE1BA7E12F41B235000FE4C0 = {
			isa = PBXGroup;
			children = (
				BE1BA7EC2F41B235000FE4C0 /* TarotSajuTeller */,
				BE1BA7EB2F41B235000FE4C0 /* Products */,
			);
			sourceTree = "<group>";
		};
		BE1BA7EB2F41B235000FE4C0 /* Products */ = {
			isa = PBXGroup;
			children = (
				BE1BA7EA2F41B235000FE4C0 /* TarotSajuTeller.app */,
			);
			name = Products;
			sourceTree = "<group>";
		};
/* End PBXGroup section */

/* Begin PBXNativeTarget section */
		BE1BA7E92F41B235000FE4C0 /* TarotSajuTeller */ = {
			isa = PBXNativeTarget;
			buildConfigurationList = BE1BA7FD2F41B237000FE4C0 /* Build configuration list for PBXNativeTarget "TarotSajuTeller" */;
			buildPhases = (
				BE1BA7E62F41B235000FE4C0 /* Sources */,
				BE1BA7E72F41B235000FE4C0 /* Frameworks */,
				BE1BA7E82F41B235000FE4C0 /* Resources */,
				BE1BA81D2F41B56C000FE4C0 /* ShellScript */,
			);
			buildRules = (
			);
			dependencies = (
				BE1BA81C2F41B4B7000FE4C0 /* PBXTargetDependency */,
			);
			fileSystemSynchronizedGroups = (
				BE1BA7EC2F41B235000FE4C0 /* TarotSajuTeller */,
			);
			name = TarotSajuTeller;
			packageProductDependencies = (
				BE1BA8032F41B2B7000FE4C0 /* Alamofire */,
				BE1BA8062F41B2C4000FE4C0 /* Kingfisher */,
				BE1BA8092F41B2D3000FE4C0 /* SnapKit */,
				BE1BA80C2F41B2DF000FE4C0 /* Then */,
				BE1BA80F2F41B2FC000FE4C0 /* Toast */,
				BE1BA8122F41B318000FE4C0 /* RxBlocking */,
				BE1BA8142F41B318000FE4C0 /* RxCocoa */,
				BE1BA8162F41B318000FE4C0 /* RxRelay */,
				BE1BA8182F41B318000FE4C0 /* RxSwift */,
			);
			productName = TarotSajuTeller;
			productReference = BE1BA7EA2F41B235000FE4C0 /* TarotSajuTeller.app */;
			productType = "com.apple.product-type.application";
		};
/* End PBXNativeTarget section */

/* Begin PBXProject section */
		BE1BA7E22F41B235000FE4C0 /* Project object */ = {
			isa = PBXProject;
			attributes = {
				BuildIndependentTargetsInParallel = 1;
				LastSwiftUpdateCheck = 2610;
				LastUpgradeCheck = 2610;
				TargetAttributes = {
					BE1BA7E92F41B235000FE4C0 = {
						CreatedOnToolsVersion = 26.1.1;
					};
				};
			};
			buildConfigurationList = BE1BA7E52F41B235000FE4C0 /* Build configuration list for PBXProject "TarotSajuTeller" */;
			developmentRegion = en;
			hasScannedForEncodings = 0;
			knownRegions = (
				en,
				Base,
			);
			mainGroup = BE1BA7E12F41B235000FE4C0;
			minimizedProjectReferenceProxies = 1;
			packageReferences = (
				BE1BA8022F41B2B7000FE4C0 /* XCRemoteSwiftPackageReference "Alamofire" */,
				BE1BA8052F41B2C4000FE4C0 /* XCRemoteSwiftPackageReference "Kingfisher" */,
				BE1BA8082F41B2D3000FE4C0 /* XCRemoteSwiftPackageReference "SnapKit" */,
				BE1BA80B2F41B2DF000FE4C0 /* XCRemoteSwiftPackageReference "Then" */,
				BE1BA80E2F41B2FC000FE4C0 /* XCRemoteSwiftPackageReference "Toast-Swift" */,
				BE1BA8112F41B318000FE4C0 /* XCRemoteSwiftPackageReference "RxSwift" */,
				BE1BA81A2F41B480000FE4C0 /* XCRemoteSwiftPackageReference "SwiftLintPlugins" */,
			);
			preferredProjectObjectVersion = 77;
			productRefGroup = BE1BA7EB2F41B235000FE4C0 /* Products */;
			projectDirPath = "";
			projectRoot = "";
			targets = (
				BE1BA7E92F41B235000FE4C0 /* TarotSajuTeller */,
			);
		};
/* End PBXProject section */

/* Begin PBXResourcesBuildPhase section */
		BE1BA7E82F41B235000FE4C0 /* Resources */ = {
			isa = PBXResourcesBuildPhase;
			buildActionMask = 2147483647;
			files = (
			);
			runOnlyForDeploymentPostprocessing = 0;
		};
/* End PBXResourcesBuildPhase section */

/* Begin PBXShellScriptBuildPhase section */
		BE1BA81D2F41B56C000FE4C0 /* ShellScript */ = {
			isa = PBXShellScriptBuildPhase;
			buildActionMask = 2147483647;
			files = (
			);
			inputFileListPaths = (
			);
			inputPaths = (
			);
			outputFileListPaths = (
			);
			outputPaths = (
			);
			runOnlyForDeploymentPostprocessing = 0;
			shellPath = /bin/sh;
			shellScript = "SWIFT_PACKAGE_DIR=\"${BUILD_DIR%Build/*}SourcePackages/artifacts\"\nSWIFTLINT_CMD=\"$SWIFT_PACKAGE_DIR/swiftlintplugins/SwiftLintBinary/SwiftLintBinary.artifactbundle/macos/swiftlint\"\n\nif test -f \"$SWIFTLINT_CMD\" 2>&1\nthen\n    \"$SWIFTLINT_CMD\"\nelse\n    echo \"warning: `swiftlint` command not found - See https://github.com/realm/SwiftLint#xcode-run-script-build-phase for installation instructions.\"\nfi\n";
		};
/* End PBXShellScriptBuildPhase section */

/* Begin PBXSourcesBuildPhase section */
		BE1BA7E62F41B235000FE4C0 /* Sources */ = {
			isa = PBXSourcesBuildPhase;
			buildActionMask = 2147483647;
			files = (
			);
			runOnlyForDeploymentPostprocessing = 0;
		};
/* End PBXSourcesBuildPhase section */

/* Begin PBXTargetDependency section */
		BE1BA81C2F41B4B7000FE4C0 /* PBXTargetDependency */ = {
			isa = PBXTargetDependency;
			productRef = BE1BA81B2F41B4B7000FE4C0 /* SwiftLintBuildToolPlugin */;
		};
/* End PBXTargetDependency section */

/* Begin XCBuildConfiguration section */
		BE1BA7FE2F41B237000FE4C0 /* Debug */ = {
			isa = XCBuildConfiguration;
			baseConfigurationReferenceAnchor = BE1BA7EC2F41B235000FE4C0 /* TarotSajuTeller */;
			baseConfigurationReferenceRelativePath = Secrets.xcconfig;
			buildSettings = {
				ASSETCATALOG_COMPILER_APPICON_NAME = AppIcon;
				ASSETCATALOG_COMPILER_GLOBAL_ACCENT_COLOR_NAME = AccentColor;
				CODE_SIGN_STYLE = Automatic;
				CURRENT_PROJECT_VERSION = 1;
				DEVELOPMENT_TEAM = D7F6ZDDCV9;
				ENABLE_USER_SCRIPT_SANDBOXING = NO;
				GENERATE_INFOPLIST_FILE = YES;
				INFOPLIST_FILE = TarotSajuTeller/Info.plist;
				INFOPLIST_KEY_LSApplicationCategoryType = "public.app-category.lifestyle";
				INFOPLIST_KEY_UIApplicationSupportsIndirectInputEvents = YES;
				INFOPLIST_KEY_UILaunchStoryboardName = LaunchScreen;
				INFOPLIST_KEY_UIStatusBarStyle = "";
				INFOPLIST_KEY_UISupportedInterfaceOrientations = UIInterfaceOrientationPortrait;
				INFOPLIST_KEY_UISupportedInterfaceOrientations_iPad = "UIInterfaceOrientationLandscapeLeft UIInterfaceOrientationLandscapeRight UIInterfaceOrientationPortrait UIInterfaceOrientationPortraitUpsideDown";
				IPHONEOS_DEPLOYMENT_TARGET = 16.0;
				LD_RUNPATH_SEARCH_PATHS = (
					"$(inherited)",
					"@executable_path/Frameworks",
				);
				MARKETING_VERSION = 1.0;
				PRODUCT_BUNDLE_IDENTIFIER = com.gucci.TarotSajuTeller;
				PRODUCT_NAME = "$(TARGET_NAME)";
				STRING_CATALOG_GENERATE_SYMBOLS = YES;
				SUPPORTED_PLATFORMS = "iphoneos iphonesimulator";
				SUPPORTS_MACCATALYST = NO;
				SUPPORTS_MAC_DESIGNED_FOR_IPHONE_IPAD = NO;
				SUPPORTS_XR_DESIGNED_FOR_IPHONE_IPAD = NO;
				SWIFT_APPROACHABLE_CONCURRENCY = YES;
				SWIFT_DEFAULT_ACTOR_ISOLATION = MainActor;
				SWIFT_EMIT_LOC_STRINGS = YES;
				SWIFT_UPCOMING_FEATURE_MEMBER_IMPORT_VISIBILITY = YES;
				SWIFT_VERSION = 5.0;
				TARGETED_DEVICE_FAMILY = 1;
			};
			name = Debug;
		};
		BE1BA7FF2F41B237000FE4C0 /* Release */ = {
			isa = XCBuildConfiguration;
			baseConfigurationReferenceAnchor = BE1BA7EC2F41B235000FE4C0 /* TarotSajuTeller */;
			baseConfigurationReferenceRelativePath = Secrets.xcconfig;
			buildSettings = {
				ASSETCATALOG_COMPILER_APPICON_NAME = AppIcon;
				ASSETCATALOG_COMPILER_GLOBAL_ACCENT_COLOR_NAME = AccentColor;
				CODE_SIGN_STYLE = Automatic;
				CURRENT_PROJECT_VERSION = 1;
				DEVELOPMENT_TEAM = D7F6ZDDCV9;
				ENABLE_USER_SCRIPT_SANDBOXING = NO;
				GENERATE_INFOPLIST_FILE = YES;
				INFOPLIST_FILE = TarotSajuTeller/Info.plist;
				INFOPLIST_KEY_LSApplicationCategoryType = "public.app-category.lifestyle";
				INFOPLIST_KEY_UIApplicationSupportsIndirectInputEvents = YES;
				INFOPLIST_KEY_UILaunchStoryboardName = LaunchScreen;
				INFOPLIST_KEY_UIStatusBarStyle = "";
				INFOPLIST_KEY_UISupportedInterfaceOrientations = UIInterfaceOrientationPortrait;
				INFOPLIST_KEY_UISupportedInterfaceOrientations_iPad = "UIInterfaceOrientationLandscapeLeft UIInterfaceOrientationLandscapeRight UIInterfaceOrientationPortrait UIInterfaceOrientationPortraitUpsideDown";
				IPHONEOS_DEPLOYMENT_TARGET = 16.0;
				LD_RUNPATH_SEARCH_PATHS = (
					"$(inherited)",
					"@executable_path/Frameworks",
				);
				MARKETING_VERSION = 1.0;
				PRODUCT_BUNDLE_IDENTIFIER = com.gucci.TarotSajuTeller;
				PRODUCT_NAME = "$(TARGET_NAME)";
				STRING_CATALOG_GENERATE_SYMBOLS = YES;
				SUPPORTED_PLATFORMS = "iphoneos iphonesimulator";
				SUPPORTS_MACCATALYST = NO;
				SUPPORTS_MAC_DESIGNED_FOR_IPHONE_IPAD = NO;
				SUPPORTS_XR_DESIGNED_FOR_IPHONE_IPAD = NO;
				SWIFT_APPROACHABLE_CONCURRENCY = YES;
				SWIFT_DEFAULT_ACTOR_ISOLATION = MainActor;
				SWIFT_EMIT_LOC_STRINGS = YES;
				SWIFT_UPCOMING_FEATURE_MEMBER_IMPORT_VISIBILITY = YES;
				SWIFT_VERSION = 5.0;
				TARGETED_DEVICE_FAMILY = 1;
			};
			name = Release;
		};
		BE1BA8002F41B237000FE4C0 /* Debug */ = {
			isa = XCBuildConfiguration;
			buildSettings = {
				ALWAYS_SEARCH_USER_PATHS = NO;
				ASSETCATALOG_COMPILER_GENERATE_SWIFT_ASSET_SYMBOL_EXTENSIONS = YES;
				CLANG_ANALYZER_NONNULL = YES;
				CLANG_ANALYZER_NUMBER_OBJECT_CONVERSION = YES_AGGRESSIVE;
				CLANG_CXX_LANGUAGE_STANDARD = "gnu++20";
				CLANG_ENABLE_MODULES = YES;
				CLANG_ENABLE_OBJC_ARC = YES;
				CLANG_ENABLE_OBJC_WEAK = YES;
				CLANG_WARN_BLOCK_CAPTURE_AUTORELEASING = YES;
				CLANG_WARN_BOOL_CONVERSION = YES;
				CLANG_WARN_COMMA = YES;
				CLANG_WARN_CONSTANT_CONVERSION = YES;
				CLANG_WARN_DEPRECATED_OBJC_IMPLEMENTATIONS = YES;
				CLANG_WARN_DIRECT_OBJC_ISA_USAGE = YES_ERROR;
				CLANG_WARN_DOCUMENTATION_COMMENTS = YES;
				CLANG_WARN_EMPTY_BODY = YES;
				CLANG_WARN_ENUM_CONVERSION = YES;
				CLANG_WARN_INFINITE_RECURSION = YES;
				CLANG_WARN_INT_CONVERSION = YES;
				CLANG_WARN_NON_LITERAL_NULL_CONVERSION = YES;
				CLANG_WARN_OBJC_IMPLICIT_RETAIN_SELF = YES;
				CLANG_WARN_OBJC_LITERAL_CONVERSION = YES;
				CLANG_WARN_OBJC_ROOT_CLASS = YES_ERROR;
				CLANG_WARN_QUOTED_INCLUDE_IN_FRAMEWORK_HEADER = YES;
				CLANG_WARN_RANGE_LOOP_ANALYSIS = YES;
				CLANG_WARN_STRICT_PROTOTYPES = YES;
				CLANG_WARN_SUSPICIOUS_MOVE = YES;
				CLANG_WARN_UNGUARDED_AVAILABILITY = YES_AGGRESSIVE;
				CLANG_WARN_UNREACHABLE_CODE = YES;
				CLANG_WARN__DUPLICATE_METHOD_MATCH = YES;
				COPY_PHASE_STRIP = NO;
				DEBUG_INFORMATION_FORMAT = dwarf;
				DEVELOPMENT_TEAM = D7F6ZDDCV9;
				ENABLE_STRICT_OBJC_MSGSEND = YES;
				ENABLE_TESTABILITY = YES;
				ENABLE_USER_SCRIPT_SANDBOXING = YES;
				GCC_C_LANGUAGE_STANDARD = gnu17;
				GCC_DYNAMIC_NO_PIC = NO;
				GCC_NO_COMMON_BLOCKS = YES;
				GCC_OPTIMIZATION_LEVEL = 0;
				GCC_PREPROCESSOR_DEFINITIONS = (
					"DEBUG=1",
					"$(inherited)",
				);
				GCC_WARN_64_TO_32_BIT_CONVERSION = YES;
				GCC_WARN_ABOUT_RETURN_TYPE = YES_ERROR;
				GCC_WARN_UNDECLARED_SELECTOR = YES;
				GCC_WARN_UNINITIALIZED_AUTOS = YES_AGGRESSIVE;
				GCC_WARN_UNUSED_FUNCTION = YES;
				GCC_WARN_UNUSED_VARIABLE = YES;
				IPHONEOS_DEPLOYMENT_TARGET = 26.1;
				LOCALIZATION_PREFERS_STRING_CATALOGS = YES;
				MTL_ENABLE_DEBUG_INFO = INCLUDE_SOURCE;
				MTL_FAST_MATH = YES;
				ONLY_ACTIVE_ARCH = YES;
				SDKROOT = iphoneos;
				SWIFT_ACTIVE_COMPILATION_CONDITIONS = "DEBUG $(inherited)";
				SWIFT_OPTIMIZATION_LEVEL = "-Onone";
			};
			name = Debug;
		};
		BE1BA8012F41B237000FE4C0 /* Release */ = {
			isa = XCBuildConfiguration;
			buildSettings = {
				ALWAYS_SEARCH_USER_PATHS = NO;
				ASSETCATALOG_COMPILER_GENERATE_SWIFT_ASSET_SYMBOL_EXTENSIONS = YES;
				CLANG_ANALYZER_NONNULL = YES;
				CLANG_ANALYZER_NUMBER_OBJECT_CONVERSION = YES_AGGRESSIVE;
				CLANG_CXX_LANGUAGE_STANDARD = "gnu++20";
				CLANG_ENABLE_MODULES = YES;
				CLANG_ENABLE_OBJC_ARC = YES;
				CLANG_ENABLE_OBJC_WEAK = YES;
				CLANG_WARN_BLOCK_CAPTURE_AUTORELEASING = YES;
				CLANG_WARN_BOOL_CONVERSION = YES;
				CLANG_WARN_COMMA = YES;
				CLANG_WARN_CONSTANT_CONVERSION = YES;
				CLANG_WARN_DEPRECATED_OBJC_IMPLEMENTATIONS = YES;
				CLANG_WARN_DIRECT_OBJC_ISA_USAGE = YES_ERROR;
				CLANG_WARN_DOCUMENTATION_COMMENTS = YES;
				CLANG_WARN_EMPTY_BODY = YES;
				CLANG_WARN_ENUM_CONVERSION = YES;
				CLANG_WARN_INFINITE_RECURSION = YES;
				CLANG_WARN_INT_CONVERSION = YES;
				CLANG_WARN_NON_LITERAL_NULL_CONVERSION = YES;
				CLANG_WARN_OBJC_IMPLICIT_RETAIN_SELF = YES;
				CLANG_WARN_OBJC_LITERAL_CONVERSION = YES;
				CLANG_WARN_OBJC_ROOT_CLASS = YES_ERROR;
				CLANG_WARN_QUOTED_INCLUDE_IN_FRAMEWORK_HEADER = YES;
				CLANG_WARN_RANGE_LOOP_ANALYSIS = YES;
				CLANG_WARN_STRICT_PROTOTYPES = YES;
				CLANG_WARN_SUSPICIOUS_MOVE = YES;
				CLANG_WARN_UNGUARDED_AVAILABILITY = YES_AGGRESSIVE;
				CLANG_WARN_UNREACHABLE_CODE = YES;
				CLANG_WARN__DUPLICATE_METHOD_MATCH = YES;
				COPY_PHASE_STRIP = NO;
				DEBUG_INFORMATION_FORMAT = "dwarf-with-dsym";
				DEVELOPMENT_TEAM = D7F6ZDDCV9;
				ENABLE_NS_ASSERTIONS = NO;
				ENABLE_STRICT_OBJC_MSGSEND = YES;
				ENABLE_USER_SCRIPT_SANDBOXING = YES;
				GCC_C_LANGUAGE_STANDARD = gnu17;
				GCC_NO_COMMON_BLOCKS = YES;
				GCC_WARN_64_TO_32_BIT_CONVERSION = YES;
				GCC_WARN_ABOUT_RETURN_TYPE = YES_ERROR;
				GCC_WARN_UNDECLARED_SELECTOR = YES;
				GCC_WARN_UNINITIALIZED_AUTOS = YES_AGGRESSIVE;
				GCC_WARN_UNUSED_FUNCTION = YES;
				GCC_WARN_UNUSED_VARIABLE = YES;
				IPHONEOS_DEPLOYMENT_TARGET = 26.1;
				LOCALIZATION_PREFERS_STRING_CATALOGS = YES;
				MTL_ENABLE_DEBUG_INFO = NO;
				MTL_FAST_MATH = YES;
				SDKROOT = iphoneos;
				SWIFT_COMPILATION_MODE = wholemodule;
				VALIDATE_PRODUCT = YES;
			};
			name = Release;
		};
/* End XCBuildConfiguration section */

/* Begin XCConfigurationList section */
		BE1BA7E52F41B235000FE4C0 /* Build configuration list for PBXProject "TarotSajuTeller" */ = {
			isa = XCConfigurationList;
			buildConfigurations = (
				BE1BA8002F41B237000FE4C0 /* Debug */,
				BE1BA8012F41B237000FE4C0 /* Release */,
			);
			defaultConfigurationIsVisible = 0;
			defaultConfigurationName = Release;
		};
		BE1BA7FD2F41B237000FE4C0 /* Build configuration list for PBXNativeTarget "TarotSajuTeller" */ = {
			isa = XCConfigurationList;
			buildConfigurations = (
				BE1BA7FE2F41B237000FE4C0 /* Debug */,
				BE1BA7FF2F41B237000FE4C0 /* Release */,
			);
			defaultConfigurationIsVisible = 0;
			defaultConfigurationName = Release;
		};
/* End XCConfigurationList section */

/* Begin XCRemoteSwiftPackageReference section */
		BE1BA8022F41B2B7000FE4C0 /* XCRemoteSwiftPackageReference "Alamofire" */ = {
			isa = XCRemoteSwiftPackageReference;
			repositoryURL = "https://github.com/Alamofire/Alamofire";
			requirement = {
				kind = upToNextMajorVersion;
				minimumVersion = 5.11.1;
			};
		};
		BE1BA8052F41B2C4000FE4C0 /* XCRemoteSwiftPackageReference "Kingfisher" */ = {
			isa = XCRemoteSwiftPackageReference;
			repositoryURL = "https://github.com/onevcat/Kingfisher.git";
			requirement = {
				kind = upToNextMajorVersion;
				minimumVersion = 8.6.2;
			};
		};
		BE1BA8082F41B2D3000FE4C0 /* XCRemoteSwiftPackageReference "SnapKit" */ = {
			isa = XCRemoteSwiftPackageReference;
			repositoryURL = "https://github.com/SnapKit/SnapKit.git";
			requirement = {
				kind = upToNextMajorVersion;
				minimumVersion = 5.7.1;
			};
		};
		BE1BA80B2F41B2DF000FE4C0 /* XCRemoteSwiftPackageReference "Then" */ = {
			isa = XCRemoteSwiftPackageReference;
			repositoryURL = "https://github.com/devxoul/Then.git";
			requirement = {
				kind = upToNextMajorVersion;
				minimumVersion = 3.0.0;
			};
		};
		BE1BA80E2F41B2FC000FE4C0 /* XCRemoteSwiftPackageReference "Toast-Swift" */ = {
			isa = XCRemoteSwiftPackageReference;
			repositoryURL = "https://github.com/scalessec/Toast-Swift.git";
			requirement = {
				kind = upToNextMajorVersion;
				minimumVersion = 5.1.1;
			};
		};
		BE1BA8112F41B318000FE4C0 /* XCRemoteSwiftPackageReference "RxSwift" */ = {
			isa = XCRemoteSwiftPackageReference;
			repositoryURL = "https://github.com/ReactiveX/RxSwift.git";
			requirement = {
				kind = upToNextMajorVersion;
				minimumVersion = 6.10.1;
			};
		};
		BE1BA81A2F41B480000FE4C0 /* XCRemoteSwiftPackageReference "SwiftLintPlugins" */ = {
			isa = XCRemoteSwiftPackageReference;
			repositoryURL = "https://github.com/SimplyDanny/SwiftLintPlugins";
			requirement = {
				kind = upToNextMajorVersion;
				minimumVersion = 0.63.2;
			};
		};
/* End XCRemoteSwiftPackageReference section */

/* Begin XCSwiftPackageProductDependency section */
		BE1BA8032F41B2B7000FE4C0 /* Alamofire */ = {
			isa = XCSwiftPackageProductDependency;
			package = BE1BA8022F41B2B7000FE4C0 /* XCRemoteSwiftPackageReference "Alamofire" */;
			productName = Alamofire;
		};
		BE1BA8062F41B2C4000FE4C0 /* Kingfisher */ = {
			isa = XCSwiftPackageProductDependency;
			package = BE1BA8052F41B2C4000FE4C0 /* XCRemoteSwiftPackageReference "Kingfisher" */;
			productName = Kingfisher;
		};
		BE1BA8092F41B2D3000FE4C0 /* SnapKit */ = {
			isa = XCSwiftPackageProductDependency;
			package = BE1BA8082F41B2D3000FE4C0 /* XCRemoteSwiftPackageReference "SnapKit" */;
			productName = SnapKit;
		};
		BE1BA80C2F41B2DF000FE4C0 /* Then */ = {
			isa = XCSwiftPackageProductDependency;
			package = BE1BA80B2F41B2DF000FE4C0 /* XCRemoteSwiftPackageReference "Then" */;
			productName = Then;
		};
		BE1BA80F2F41B2FC000FE4C0 /* Toast */ = {
			isa = XCSwiftPackageProductDependency;
			package = BE1BA80E2F41B2FC000FE4C0 /* XCRemoteSwiftPackageReference "Toast-Swift" */;
			productName = Toast;
		};
		BE1BA8122F41B318000FE4C0 /* RxBlocking */ = {
			isa = XCSwiftPackageProductDependency;
			package = BE1BA8112F41B318000FE4C0 /* XCRemoteSwiftPackageReference "RxSwift" */;
			productName = RxBlocking;
		};
		BE1BA8142F41B318000FE4C0 /* RxCocoa */ = {
			isa = XCSwiftPackageProductDependency;
			package = BE1BA8112F41B318000FE4C0 /* XCRemoteSwiftPackageReference "RxSwift" */;
			productName = RxCocoa;
		};
		BE1BA8162F41B318000FE4C0 /* RxRelay */ = {
			isa = XCSwiftPackageProductDependency;
			package = BE1BA8112F41B318000FE4C0 /* XCRemoteSwiftPackageReference "RxSwift" */;
			productName = RxRelay;
		};
		BE1BA8182F41B318000FE4C0 /* RxSwift */ = {
			isa = XCSwiftPackageProductDependency;
			package = BE1BA8112F41B318000FE4C0 /* XCRemoteSwiftPackageReference "RxSwift" */;
			productName = RxSwift;
		};
		BE1BA81B2F41B4B7000FE4C0 /* SwiftLintBuildToolPlugin */ = {
			isa = XCSwiftPackageProductDependency;
			package = BE1BA81A2F41B480000FE4C0 /* XCRemoteSwiftPackageReference "SwiftLintPlugins" */;
			productName = "plugin:SwiftLintBuildToolPlugin";
		};
/* End XCSwiftPackageProductDependency section */
	};
	rootObject = BE1BA7E22F41B235000FE4C0 /* Project object */;
}
